
Microsoft Visual Studio Solution File, Format Version 12.00
Project("{FAE04EC0-301F-11D3-BF4B-00C04F79EFBC}") = "ALC.Dlls", "src\ALC.Dlls\ALC.Dlls.csproj", "{84C8C28C-A7C0-4823-8C21-4789FBE46049}"
EndProject
Global
	GlobalSection(SolutionConfigurationPlatforms) = preSolution
		Debug|Any CPU = Debug|Any CPU
		Release|Any CPU = Release|Any CPU
	EndGlobalSection
	GlobalSection(ProjectConfigurationPlatforms) = postSolution
		{84C8C28C-A7C0-4823-8C21-4789FBE46049}.Debug|Any CPU.ActiveCfg = Debug|Any CPU
		{84C8C28C-A7C0-4823-8C21-4789FBE46049}.Debug|Any CPU.Build.0 = Debug|Any CPU
		{84C8C28C-A7C0-4823-8C21-4789FBE46049}.Release|Any CPU.ActiveCfg = Release|Any CPU
		{84C8C28C-A7C0-4823-8C21-4789FBE46049}.Release|Any CPU.Build.0 = Release|Any CPU
	EndGlobalSection
EndGlobal
